
Microsoft Visual Studio Solution File, Format Version 12.00
# Visual Studio Version 17
VisualStudioVersion = 17.12.35707.178 d17.12
MinimumVisualStudioVersion = 10.0.40219.1
Project("{FAE04EC0-301F-11D3-BF4B-00C04F79EFBC}") = "IbrahimBusaidiWebsite", "IbrahimBusaidiWebsite\IbrahimBusaidiWebsite.csproj", "{C0AA00FC-CC8A-43AB-ADEC-05A98B23B07B}"
EndProject
Project("{FAE04EC0-301F-11D3-BF4B-00C04F79EFBC}") = "IbrahimBusaidiWebsite.Client", "IbrahimBusaidiWebsite.Client\IbrahimBusaidiWebsite.Client.csproj", "{699C9016-7A50-490A-B2D0-B530AEC4C95C}"
EndProject
Global
	GlobalSection(SolutionConfigurationPlatforms) = preSolution
		Debug|Any CPU = Debug|Any CPU
		Release|Any CPU = Release|Any CPU
	EndGlobalSection
	GlobalSection(ProjectConfigurationPlatforms) = postSolution
		{C0AA00FC-CC8A-43AB-ADEC-05A98B23B07B}.Debug|Any CPU.ActiveCfg = Debug|Any CPU
		{C0AA00FC-CC8A-43AB-ADEC-05A98B23B07B}.Debug|Any CPU.Build.0 = Debug|Any CPU
		{C0AA00FC-CC8A-43AB-ADEC-05A98B23B07B}.Release|Any CPU.ActiveCfg = Release|Any CPU
		{C0AA00FC-CC8A-43AB-ADEC-05A98B23B07B}.Release|Any CPU.Build.0 = Release|Any CPU
		{699C9016-7A50-490A-B2D0-B530AEC4C95C}.Debug|Any CPU.ActiveCfg = Debug|Any CPU
		{699C9016-7A50-490A-B2D0-B530AEC4C95C}.Debug|Any CPU.Build.0 = Debug|Any CPU
		{699C9016-7A50-490A-B2D0-B530AEC4C95C}.Release|Any CPU.ActiveCfg = Release|Any CPU
		{699C9016-7A50-490A-B2D0-B530AEC4C95C}.Release|Any CPU.Build.0 = Release|Any CPU
	EndGlobalSection
	GlobalSection(SolutionProperties) = preSolution
		HideSolutionNode = FALSE
	EndGlobalSection
EndGlobal
